
Microsoft Visual Studio Solution File, Format Version 11.00
# Visual Studio 2010
Project("{8BC9CEB8-8B4A-11D0-8D11-00A0C91BC942}") = "pomelocpp", "pomelocpp.vcxproj", "{F21DCD23-2868-4C76-9C1B-773A6E835753}"
EndProject
Project("{8BC9CEB8-8B4A-11D0-8D11-00A0C91BC942}") = "pomelocpp_test", "pomelocpp_test.vcxproj", "{B5D81A7A-FE9D-4FD3-9F34-BBDE1546CAF2}"
EndProject
Project("{8BC9CEB8-8B4A-11D0-8D11-00A0C91BC942}") = "Chat", "Chat\Chat.vcxproj", "{A52E7931-CF2A-4B43-B903-A44A952EFC81}"
EndProject
Global
	GlobalSection(SolutionConfigurationPlatforms) = preSolution
		Debug|Win32 = Debug|Win32
		Release|Win32 = Release|Win32
	EndGlobalSection
	GlobalSection(ProjectConfigurationPlatforms) = postSolution
		{F21DCD23-2868-4C76-9C1B-773A6E835753}.Debug|Win32.ActiveCfg = Debug|Win32
		{F21DCD23-2868-4C76-9C1B-773A6E835753}.Debug|Win32.Build.0 = Debug|Win32
		{F21DCD23-2868-4C76-9C1B-773A6E835753}.Release|Win32.ActiveCfg = Release|Win32
		{F21DCD23-2868-4C76-9C1B-773A6E835753}.Release|Win32.Build.0 = Release|Win32
		{B5D81A7A-FE9D-4FD3-9F34-BBDE1546CAF2}.Debug|Win32.ActiveCfg = Debug|Win32
		{B5D81A7A-FE9D-4FD3-9F34-BBDE1546CAF2}.Debug|Win32.Build.0 = Debug|Win32
		{B5D81A7A-FE9D-4FD3-9F34-BBDE1546CAF2}.Release|Win32.ActiveCfg = Release|Win32
		{B5D81A7A-FE9D-4FD3-9F34-BBDE1546CAF2}.Release|Win32.Build.0 = Release|Win32
		{A52E7931-CF2A-4B43-B903-A44A952EFC81}.Debug|Win32.ActiveCfg = Debug|Win32
		{A52E7931-CF2A-4B43-B903-A44A952EFC81}.Debug|Win32.Build.0 = Debug|Win32
		{A52E7931-CF2A-4B43-B903-A44A952EFC81}.Release|Win32.ActiveCfg = Release|Win32
		{A52E7931-CF2A-4B43-B903-A44A952EFC81}.Release|Win32.Build.0 = Release|Win32
	EndGlobalSection
	GlobalSection(SolutionProperties) = preSolution
		HideSolutionNode = FALSE
	EndGlobalSection
EndGlobal
